# This file is autogenerated, do not edit; changes may be undone by the next 'dep ensure'.


[[projects]]
  branch = "master"
  digest = "1:0faae5778f40187f1995baa872bc39cf6f20f5a6051e012c2847ce527f9640a5"
  name = "github.com/aybabtme/rgbterm"
  packages = ["."]
  pruneopts = ""
  revision = "cc83f3b3ce5911279513a46d6d3316d67bedaa54"

[[projects]]
  digest = "1:65c9e58c85d0791b146dc7f4387330329204a70fb34532e7ffce71a2f04f59a2"
  name = "github.com/gdamore/encoding"
  packages = ["."]
  pruneopts = ""
  revision = "6289cdc94c00ac4aa177771c5fce7af2f96b626d"
  version = "v1.0.0"

[[projects]]
  digest = "1:4ac27199a267997e47d6a4995d31a89454e522c9c2d6fb3d225ee62c612a0578"
  name = "github.com/gdamore/tcell"
  packages = [
    ".",
    "terminfo",
    "terminfo/a/adm3a",
    "terminfo/a/aixterm",
    "terminfo/a/alacritty",
    "terminfo/a/ansi",
    "terminfo/a/aterm",
    "terminfo/b/beterm",
    "terminfo/b/bsdos_pc",
    "terminfo/base",
    "terminfo/c/cygwin",
    "terminfo/d/d200",
    "terminfo/d/d210",
    "terminfo/d/dtterm",
    "terminfo/dynamic",
    "terminfo/e/emacs",
    "terminfo/e/eterm",
    "terminfo/extended",
    "terminfo/g/gnome",
    "terminfo/h/hpterm",
    "terminfo/h/hz1500",
    "terminfo/k/konsole",
    "terminfo/k/kterm",
    "terminfo/l/linux",
    "terminfo/p/pcansi",
    "terminfo/r/rxvt",
    "terminfo/s/screen",
    "terminfo/s/simpleterm",
    "terminfo/s/sun",
    "terminfo/t/termite",
    "terminfo/t/tvi910",
    "terminfo/t/tvi912",
    "terminfo/t/tvi921",
    "terminfo/t/tvi925",
    "terminfo/t/tvi950",
    "terminfo/t/tvi970",
    "terminfo/v/vt100",
    "terminfo/v/vt102",
    "terminfo/v/vt220",
    "terminfo/v/vt320",
    "terminfo/v/vt400",
    "terminfo/v/vt420",
    "terminfo/v/vt52",
    "terminfo/w/wy50",
    "terminfo/w/wy60",
    "terminfo/w/wy99_ansi",
    "terminfo/x/xfce",
    "terminfo/x/xnuppc",
    "terminfo/x/xterm",
    "terminfo/x/xterm_kitty",
  ]
  pruneopts = ""
  revision = "4d152cc2622d491e1b0a034c3211b9df28c0ba2d"
  version = "v1.3.0"

[[projects]]
  digest = "1:ae90995bad89e019ff65f8de58750555cdf01662a52aed7adb91acc8a95775c8"
  name = "github.com/lucasb-eyer/go-colorful"
  packages = ["."]
  pruneopts = ""
  revision = "30298f24079860c4dee452fdef6519b362a4a026"
  version = "v1.0.2"

[[projects]]
  digest = "1:5794dadc5456af270fc564d98efbfa1f3627cd6c733ca772d14409793772064f"
  name = "github.com/mattn/go-isatty"
  packages = ["."]
  pruneopts = ""
  revision = "88ba11cfdc67c7588b30042edf244b2875f892b6"
  version = "v0.0.10"

[[projects]]
  digest = "1:84c28d9899cc4e00c38042d345cea8819275a5a62403a58530cac67022894776"
  name = "github.com/mattn/go-runewidth"
  packages = ["."]
  pruneopts = ""
  revision = "3ee7d812e62a0804a7d0a324e0249ca2db3476d3"
  version = "v0.0.4"

[[projects]]
  digest = "1:ccd0def9f0b82b61c5e54fcbfccf528eabb13b489d008e46dc16b808c2e1f765"
  name = "github.com/naoina/go-stringutil"
  packages = ["."]
  pruneopts = ""
  revision = "6b638e95a32d0c1131db0e7fe83775cbea4a0d0b"
  version = "v0.1.0"

[[projects]]
  branch = "master"
  digest = "1:1c96351a94bb68711cd7790e64cffa35d11da796c052aca1fe2b83bda856ef44"
  name = "github.com/naoina/toml"
  packages = [
    ".",
    "ast",
  ]
  pruneopts = ""
  revision = "9fafd69674167c06933b1787ae235618431ce87f"

[[projects]]
  branch = "master"
  digest = "1:088f61f6fd284c2dd680a95bda8c84160cfee3b7958aa688469f52702eae2a73"
  name = "github.com/nfnt/resize"
  packages = ["."]
  pruneopts = ""
  revision = "83c6a9932646f83e3267f353373d47347b6036b2"

[[projects]]
  branch = "master"
  digest = "1:af284ba9039992932864fe38b1dd6bd06ca2ef34136ef5d51469d447236a8d6a"
  name = "github.com/qeesung/image2ascii"
  packages = [
    "ascii",
    "convert",
    "terminal",
  ]
  pruneopts = ""
  revision = "01cc27c94e08f572a2a11d09f8bb76d1c75e810a"

[[projects]]
  branch = "master"
  digest = "1:48234bc30a54b6a812e1dbab85b70829d43148f831e3e2488ef8b5916aff5c7d"
  name = "github.com/rivo/tview"
  packages = ["."]
  pruneopts = ""
  revision = "f8bc69b90341f6ba9faea86942973b2cd95f9482"

[[projects]]
  digest = "1:705fe8db0595a93f78c287af62b63a2343d1a71e137d7940e3e1948cecd7946b"
  name = "github.com/rivo/uniseg"
  packages = ["."]
  pruneopts = ""
  revision = "f8f8f751c732fdcd5e158c13c28f8863ad80e9a5"
  version = "v0.1.0"

[[projects]]
  digest = "1:eebda427a2672f8d351927c4173fc009e6f2bd6509c97435348a113d8ba00a8e"
  name = "github.com/wayneashleyberry/terminal-dimensions"
  packages = ["."]
  pruneopts = ""
  revision = "29d939246793fbd8100dcf74700637adcb839bc5"
  version = "v1.0.0"

[[projects]]
  branch = "master"
  digest = "1:055771f25c4d6493a840af5cbdb8da461be2ec1192049dbaebd6ae1a8cbcdea0"
  name = "golang.org/x/sys"
  packages = ["unix"]
  pruneopts = ""
  revision = "b09406accb4736d857a32bf9444cd7edae2ffa79"

[[projects]]
  digest = "1:740b51a55815493a8d0f2b1e0d0ae48fe48953bf7eaf3fcc4198823bf67768c0"
  name = "golang.org/x/text"
  packages = [
    "encoding",
    "encoding/internal/identifier",
    "internal/gen",
    "transform",
    "unicode/cldr",
  ]
  pruneopts = ""
  revision = "342b2e1fbaa52c93f31447ad2c6abc048c63e475"
  version = "v0.3.2"

[solve-meta]
  analyzer-name = "dep"
  analyzer-version = 1
  input-imports = [
    "github.com/gdamore/tcell",
    "github.com/naoina/toml",
    "github.com/qeesung/image2ascii/convert",
    "github.com/rivo/tview",
  ]
  solver-name = "gps-cdcl"
  solver-version = 1
