# This file is autogenerated, do not edit; changes may be undone by the next 'dep ensure'.


[[projects]]
  digest = "1:65c9e58c85d0791b146dc7f4387330329204a70fb34532e7ffce71a2f04f59a2"
  name = "github.com/gdamore/encoding"
  packages = ["."]
  pruneopts = ""
  revision = "6289cdc94c00ac4aa177771c5fce7af2f96b626d"
  version = "v1.0.0"

[[projects]]
  digest = "1:4ac27199a267997e47d6a4995d31a89454e522c9c2d6fb3d225ee62c612a0578"
  name = "github.com/gdamore/tcell"
  packages = [
    ".",
    "terminfo",
    "terminfo/a/adm3a",
    "terminfo/a/aixterm",
    "terminfo/a/alacritty",
    "terminfo/a/ansi",
    "terminfo/a/aterm",
    "terminfo/b/beterm",
    "terminfo/b/bsdos_pc",
    "terminfo/base",
    "terminfo/c/cygwin",
    "terminfo/d/d200",
    "terminfo/d/d210",
    "terminfo/d/dtterm",
    "terminfo/dynamic",
    "terminfo/e/emacs",
    "terminfo/e/eterm",
    "terminfo/extended",
    "terminfo/g/gnome",
    "terminfo/h/hpterm",
    "terminfo/h/hz1500",
    "terminfo/k/konsole",
    "terminfo/k/kterm",
    "terminfo/l/linux",
    "terminfo/p/pcansi",
    "terminfo/r/rxvt",
    "terminfo/s/screen",
    "terminfo/s/simpleterm",
    "terminfo/s/sun",
    "terminfo/t/termite",
    "terminfo/t/tvi910",
    "terminfo/t/tvi912",
    "terminfo/t/tvi921",
    "terminfo/t/tvi925",
    "terminfo/t/tvi950",
    "terminfo/t/tvi970",
    "terminfo/v/vt100",
    "terminfo/v/vt102",
    "terminfo/v/vt220",
    "terminfo/v/vt320",
    "terminfo/v/vt400",
    "terminfo/v/vt420",
    "terminfo/v/vt52",
    "terminfo/w/wy50",
    "terminfo/w/wy60",
    "terminfo/w/wy99_ansi",
    "terminfo/x/xfce",
    "terminfo/x/xnuppc",
    "terminfo/x/xterm",
    "terminfo/x/xterm_kitty",
  ]
  pruneopts = ""
  revision = "4d152cc2622d491e1b0a034c3211b9df28c0ba2d"
  version = "v1.3.0"

[[projects]]
  digest = "1:ae90995bad89e019ff65f8de58750555cdf01662a52aed7adb91acc8a95775c8"
  name = "github.com/lucasb-eyer/go-colorful"
  packages = ["."]
  pruneopts = ""
  revision = "30298f24079860c4dee452fdef6519b362a4a026"
  version = "v1.0.2"

[[projects]]
  digest = "1:84c28d9899cc4e00c38042d345cea8819275a5a62403a58530cac67022894776"
  name = "github.com/mattn/go-runewidth"
  packages = ["."]
  pruneopts = ""
  revision = "3ee7d812e62a0804a7d0a324e0249ca2db3476d3"
  version = "v0.0.4"

[[projects]]
  branch = "master"
  digest = "1:48234bc30a54b6a812e1dbab85b70829d43148f831e3e2488ef8b5916aff5c7d"
  name = "github.com/rivo/tview"
  packages = ["."]
  pruneopts = ""
  revision = "f8bc69b90341f6ba9faea86942973b2cd95f9482"

[[projects]]
  digest = "1:705fe8db0595a93f78c287af62b63a2343d1a71e137d7940e3e1948cecd7946b"
  name = "github.com/rivo/uniseg"
  packages = ["."]
  pruneopts = ""
  revision = "f8f8f751c732fdcd5e158c13c28f8863ad80e9a5"
  version = "v0.1.0"

[[projects]]
  branch = "master"
  digest = "1:055771f25c4d6493a840af5cbdb8da461be2ec1192049dbaebd6ae1a8cbcdea0"
  name = "golang.org/x/sys"
  packages = ["unix"]
  pruneopts = ""
  revision = "b09406accb4736d857a32bf9444cd7edae2ffa79"

[[projects]]
  digest = "1:740b51a55815493a8d0f2b1e0d0ae48fe48953bf7eaf3fcc4198823bf67768c0"
  name = "golang.org/x/text"
  packages = [
    "encoding",
    "encoding/internal/identifier",
    "internal/gen",
    "transform",
    "unicode/cldr",
  ]
  pruneopts = ""
  revision = "342b2e1fbaa52c93f31447ad2c6abc048c63e475"
  version = "v0.3.2"

[solve-meta]
  analyzer-name = "dep"
  analyzer-version = 1
  input-imports = ["github.com/rivo/tview"]
  solver-name = "gps-cdcl"
  solver-version = 1
